{
  "version": 4,
  "terraform_version": "1.1.9",
  "serial": 3,
  "lineage": "0a19c0cd-b27c-3858-7907-3d1073f7b8e4",
  "outputs": {
    "description": {
      "value": "Cluster demo dev",
      "type": "string"
    },
    "endpoint": {
      "value": "34.71.102.128",
      "type": "string"
    },
    "id": {
      "value": "projects/taller-cloud-350117/locations/us-central1/clusters/cluster-1",
      "type": "string"
    },
    "name": {
      "value": "cluster-1",
      "type": "string"
    },
    "name-pool": {
      "value": "gke-pool1",
      "type": "string"
    },
    "project": {
      "value": "taller-cloud-350117",
      "type": "string"
    }
  },
  "resources": [
    {
      "mode": "managed",
      "type": "google_container_cluster",
      "name": "default",
      "provider": "provider[\"registry.terraform.io/hashicorp/google\"]",
      "instances": [
        {
          "schema_version": 1,
          "attributes": {
            "addons_config": [
              {
                "cloudrun_config": [],
                "gcp_filestore_csi_driver_config": [],
                "horizontal_pod_autoscaling": [],
                "http_load_balancing": [],
                "network_policy_config": [
                  {
                    "disabled": true
                  }
                ]
              }
            ],
            "authenticator_groups_config": [],
            "cluster_autoscaling": [
              {
                "auto_provisioning_defaults": [],
                "enabled": false,
                "resource_limits": []
              }
            ],
            "cluster_ipv4_cidr": "10.0.0.0/14",
            "confidential_nodes": [],
            "database_encryption": [
              {
                "key_name": "",
                "state": "DECRYPTED"
              }
            ],
            "datapath_provider": "",
            "default_max_pods_per_node": null,
            "default_snat_status": [
              {
                "disabled": false
              }
            ],
            "description": "Cluster demo dev",
            "dns_config": [],
            "enable_autopilot": false,
            "enable_binary_authorization": false,
            "enable_intranode_visibility": false,
            "enable_kubernetes_alpha": false,
            "enable_legacy_abac": true,
            "enable_shielded_nodes": true,
            "enable_tpu": false,
            "endpoint": "34.71.102.128",
            "id": "projects/taller-cloud-350117/locations/us-central1/clusters/cluster-1",
            "initial_node_count": 1,
            "ip_allocation_policy": [],
            "label_fingerprint": "a9dc16a7",
            "location": "us-central1",
            "logging_config": [
              {
                "enable_components": [
                  "SYSTEM_COMPONENTS",
                  "WORKLOADS"
                ]
              }
            ],
            "logging_service": "logging.googleapis.com/kubernetes",
            "maintenance_policy": [],
            "master_auth": [
              {
                "client_certificate": "",
                "client_certificate_config": [
                  {
                    "issue_client_certificate": false
                  }
                ],
                "client_key": "",
                "cluster_ca_certificate": "LS0tLS1CRUdJTiBDRVJUSUZJQ0FURS0tLS0tCk1JSUVMRENDQXBTZ0F3SUJBZ0lRQXJrUXJLRXZQUFFHVXM1eDZodG9CekFOQmdrcWhraUc5dzBCQVFzRkFEQXYKTVMwd0t3WURWUVFERXlSaVl6ZGlOekF4TWkxa05tUXhMVFF6TnpFdE9UTXhOaTB4Wm1GbE5ERmhZamhoTXpBdwpJQmNOTWpJd05URTJNREUwT1RVNFdoZ1BNakExTWpBMU1EZ3dNalE1TlRoYU1DOHhMVEFyQmdOVkJBTVRKR0pqCk4ySTNNREV5TFdRMlpERXRORE0zTVMwNU16RTJMVEZtWVdVME1XRmlPR0V6TURDQ0FhSXdEUVlKS29aSWh2Y04KQVFFQkJRQURnZ0dQQURDQ0FZb0NnZ0dCQUxRTHNUYU80RXpicUlMV1ZqRlBZb0M0OHA2U0RQcThvakFKZHkwTwpIcGxKNXU5c3o4VzF6d3BtdXkrbEJTVTQzMit6V1JGSFhVdHVOUnNodU9xOWtjYlNseDlLalRyOWdvQnJDdUhQCnMyUVZJUjdmQU9XNlk2SjE1dnF3KzEyUW5rYlY5QlkrYVF3c0taV1MyN0RNTW1LRXEzODNKTzRPSFNJNXhVeWcKbmUvbVVWSXU1VWNWMGxReW56WmlmZU1tRW1jR0JQNWxnUnBYYnZPWWYvcEhsL2ROV25LbGx4QmkwUTdKYTdNMQpXbHFvdGRnZEptV01mVmZtLzVCendTakd4Q1FaWjBKOVFIZHlWYklqSnY5Q1JUN0JwOWxaYlFQUW01QjlUNS91CkJRaWkzNEMzeHBSRUhDYzlkaHh3djNXeUpsZnZlN1lySkJuWTNqQ29GcUF0SHdIdFNpRHp5YjZ2NlZDU2hlY3UKRjQzeVZzWGNTMmNwMHR3a250VTNkQWZBSVVxVCtFa3Eyd2dnTUcwUm1KS3JXUEEvdUFNVUhrV0laeHF5Qlh1SQp5SU1NNlNTSE9JMG9zZGZIWEdXckNNOFlmUEduY1hJS0JvRTlTVXUzUzJ0cEsweHArUWRsL1R3N005S2NET0d0CmQwdzBWYWMxV1ZnWTNZWFBMRFgxTVJxbk5RSURBUUFCbzBJd1FEQU9CZ05WSFE4QkFmOEVCQU1DQWdRd0R3WUQKVlIwVEFRSC9CQVV3QXdFQi96QWRCZ05WSFE0RUZnUVU1emRaeThaRy82eWl4SkNHNC91WEd6Nlc2V1l3RFFZSgpLb1pJaHZjTkFRRUxCUUFEZ2dHQkFHK1ZwYVZKN0J0REkrenNQM3U5WDlaZDJNcUM3dDZaZWFIVGJkSTJ2QngzCktXQWxKNnYvdmZWbVduN1AzNVFrVko2WUZ6RU5HZFhJSWN3L2g5V2RUdlF4KytiN3ZFamhScnNTbnlsTldRbGsKcDRQaTA2dXR0UjNNaDQ1UVk3NWYzaWVYL2VjTytkOHhtRURiQytVc0JCVFZEb3lRV2NFeUozejhZQUZpUDRFeQpiclprejRLajZyQ3hjdmF2WUE5L2ZCWjFEOXFHUzVZWVIreUkvcHZsSDJ4dldCSE03YWlzaUlsVE9NOEtaUXJHCnJ3Zmw3WElsS2ducDB1OG44ejRvYlNiS2l0bmFrMWRvSTVlcEpNSVY0WVJ1c09qSnNkaVRjV0l0cGpmbGJ6UlgKN3ArSkkyZWo3VzJlS3cvRlp0eGFXbjJJdXZ2aGRRMCtpZUZDaUg2QTBoZ1ludW4yUHl5b01JN0ZBSnZrVlV1SwprSnF6cU01c01waDN4aDhlMGVyUVhONEVHVTVNcWdWU2kzRVlDenIvM0E1MGtGS1U4c09XdjlpZ293dlp0dVYyCnZLUlBjVk1YRDBuaWd3SThralpsNDBHdHljNldFMkxrQW50K0hva2R3VEZYT05TSUxKbVJiUDFxTmJBVDZYUWQKMnlZZ1lQbHVHc1AxdlYxNFRsOHdTQT09Ci0tLS0tRU5EIENFUlRJRklDQVRFLS0tLS0K"
              }
            ],
            "master_authorized_networks_config": [],
            "master_version": "1.21.10-gke.2000",
            "min_master_version": null,
            "monitoring_config": [
              {
                "enable_components": [
                  "SYSTEM_COMPONENTS"
                ]
              }
            ],
            "monitoring_service": "monitoring.googleapis.com/kubernetes",
            "name": "cluster-1",
            "network": "projects/taller-cloud-350117/global/networks/default",
            "network_policy": [
              {
                "enabled": false,
                "provider": "PROVIDER_UNSPECIFIED"
              }
            ],
            "networking_mode": "ROUTES",
            "node_config": [],
            "node_locations": [
              "us-central1-a",
              "us-central1-c",
              "us-central1-f"
            ],
            "node_pool": [],
            "node_version": "1.21.10-gke.2000",
            "operation": null,
            "private_cluster_config": [],
            "private_ipv6_google_access": "",
            "project": "taller-cloud-350117",
            "release_channel": [
              {
                "channel": "REGULAR"
              }
            ],
            "remove_default_node_pool": true,
            "resource_labels": null,
            "resource_usage_export_config": [],
            "self_link": "https://container.googleapis.com/v1/projects/taller-cloud-350117/locations/us-central1/clusters/cluster-1",
            "services_ipv4_cidr": "10.3.240.0/20",
            "subnetwork": "projects/taller-cloud-350117/regions/us-central1/subnetworks/default",
            "timeouts": null,
            "tpu_ipv4_cidr_block": "",
            "vertical_pod_autoscaling": [],
            "workload_identity_config": []
          },
          "sensitive_attributes": [],
          "private": "eyJlMmJmYjczMC1lY2FhLTExZTYtOGY4OC0zNDM2M2JjN2M0YzAiOnsiY3JlYXRlIjoyNDAwMDAwMDAwMDAwLCJkZWxldGUiOjI0MDAwMDAwMDAwMDAsInJlYWQiOjI0MDAwMDAwMDAwMDAsInVwZGF0ZSI6MzYwMDAwMDAwMDAwMH0sInNjaGVtYV92ZXJzaW9uIjoiMSJ9"
        }
      ]
    },
    {
      "mode": "managed",
      "type": "google_container_node_pool",
      "name": "default",
      "provider": "provider[\"registry.terraform.io/hashicorp/google\"]",
      "instances": [
        {
          "schema_version": 1,
          "attributes": {
            "autoscaling": [],
            "cluster": "cluster-1",
            "id": "projects/taller-cloud-350117/locations/us-central1/clusters/cluster-1/nodePools/gke-pool1",
            "initial_node_count": 1,
            "instance_group_urls": [
              "https://www.googleapis.com/compute/v1/projects/taller-cloud-350117/zones/us-central1-c/instanceGroupManagers/gke-cluster-1-gke-pool1-08e08ef9-grp",
              "https://www.googleapis.com/compute/v1/projects/taller-cloud-350117/zones/us-central1-f/instanceGroupManagers/gke-cluster-1-gke-pool1-88d9ea90-grp",
              "https://www.googleapis.com/compute/v1/projects/taller-cloud-350117/zones/us-central1-a/instanceGroupManagers/gke-cluster-1-gke-pool1-f9f3b1ff-grp"
            ],
            "location": "us-central1",
            "managed_instance_group_urls": [
              "https://www.googleapis.com/compute/v1/projects/taller-cloud-350117/zones/us-central1-c/instanceGroups/gke-cluster-1-gke-pool1-08e08ef9-grp",
              "https://www.googleapis.com/compute/v1/projects/taller-cloud-350117/zones/us-central1-f/instanceGroups/gke-cluster-1-gke-pool1-88d9ea90-grp",
              "https://www.googleapis.com/compute/v1/projects/taller-cloud-350117/zones/us-central1-a/instanceGroups/gke-cluster-1-gke-pool1-f9f3b1ff-grp"
            ],
            "management": [
              {
                "auto_repair": true,
                "auto_upgrade": true
              }
            ],
            "max_pods_per_node": null,
            "name": "gke-pool1",
            "name_prefix": "",
            "node_config": [
              {
                "boot_disk_kms_key": "",
                "disk_size_gb": 100,
                "disk_type": "pd-standard",
                "gcfs_config": [],
                "guest_accelerator": [],
                "gvnic": [],
                "image_type": "COS_CONTAINERD",
                "labels": {},
                "local_ssd_count": 0,
                "machine_type": "e2-micro",
                "metadata": {
                  "disable-legacy-endpoints": "true"
                },
                "min_cpu_platform": "",
                "node_group": "",
                "oauth_scopes": [
                  "https://www.googleapis.com/auth/logging.write",
                  "https://www.googleapis.com/auth/monitoring"
                ],
                "preemptible": true,
                "service_account": "default",
                "shielded_instance_config": [
                  {
                    "enable_integrity_monitoring": true,
                    "enable_secure_boot": false
                  }
                ],
                "tags": null,
                "taint": [],
                "workload_metadata_config": []
              }
            ],
            "node_count": 1,
            "node_locations": [
              "us-central1-a",
              "us-central1-c",
              "us-central1-f"
            ],
            "operation": null,
            "project": "taller-cloud-350117",
            "timeouts": null,
            "upgrade_settings": [
              {
                "max_surge": 1,
                "max_unavailable": 0
              }
            ],
            "version": "1.21.10-gke.2000"
          },
          "sensitive_attributes": [],
          "private": "eyJlMmJmYjczMC1lY2FhLTExZTYtOGY4OC0zNDM2M2JjN2M0YzAiOnsiY3JlYXRlIjoxODAwMDAwMDAwMDAwLCJkZWxldGUiOjE4MDAwMDAwMDAwMDAsInVwZGF0ZSI6MTgwMDAwMDAwMDAwMH0sInNjaGVtYV92ZXJzaW9uIjoiMSJ9",
          "dependencies": [
            "google_container_cluster.default"
          ]
        }
      ]
    }
  ]
}
